
Microsoft Visual Studio Solution File, Format Version 12.00
# Visual Studio Version 16
VisualStudioVersion = 16.0.34031.81
MinimumVisualStudioVersion = 10.0.40219.1
Project("{FAE04EC0-301F-11D3-BF4B-00C04F79EFBC}") = "WebBienesServicios", "WebBienesServicios\WebBienesServicios.csproj", "{55A72A7F-5FD3-4817-98FD-6073DCC2CE49}"
EndProject
Global
	GlobalSection(SolutionConfigurationPlatforms) = preSolution
		Debug|Any CPU = Debug|Any CPU
		Release|Any CPU = Release|Any CPU
	EndGlobalSection
	GlobalSection(ProjectConfigurationPlatforms) = postSolution
		{55A72A7F-5FD3-4817-98FD-6073DCC2CE49}.Debug|Any CPU.ActiveCfg = Debug|Any CPU
		{55A72A7F-5FD3-4817-98FD-6073DCC2CE49}.Debug|Any CPU.Build.0 = Debug|Any CPU
		{55A72A7F-5FD3-4817-98FD-6073DCC2CE49}.Release|Any CPU.ActiveCfg = Release|Any CPU
		{55A72A7F-5FD3-4817-98FD-6073DCC2CE49}.Release|Any CPU.Build.0 = Release|Any CPU
	EndGlobalSection
	GlobalSection(SolutionProperties) = preSolution
		HideSolutionNode = FALSE
	EndGlobalSection
	GlobalSection(ExtensibilityGlobals) = postSolution
		SolutionGuid = {246E57CF-0169-4B56-AB82-8D9A8288D333}
	EndGlobalSection
EndGlobal
